
Microsoft Visual Studio Solution File, Format Version 12.00
# Visual Studio Version 17
VisualStudioVersion = 17.11.35303.130
MinimumVisualStudioVersion = 10.0.40219.1
Project("{9A19103F-16F7-4668-BE54-9A1E7A4F7556}") = "Tyuiu.AbramushkinAN.Sprint6.Task0.V11.Lib", "Tyuiu.AbramushkinAN.Sprint6.Task0.V11.Lib\Tyuiu.AbramushkinAN.Sprint6.Task0.V11.Lib.csproj", "{005AA697-88A3-447B-9AF6-1DEAA2604354}"
EndProject
Project("{2150E333-8FDC-42A3-9474-1A3956D46DE8}") = "Task0", "Task0", "{2A627BC3-ECBB-4458-9EB8-B1046AC44935}"
EndProject
Project("{9A19103F-16F7-4668-BE54-9A1E7A4F7556}") = "Tyuiu.AbramushkinAN.Sprint6.Task0.V11.Test", "Tyuiu.AbramushkinAN.Sprint6.Task0.V11.Test\Tyuiu.AbramushkinAN.Sprint6.Task0.V11.Test.csproj", "{8AD4CE59-B628-4905-A9E4-5CE4E4B4A305}"
EndProject
Project("{9A19103F-16F7-4668-BE54-9A1E7A4F7556}") = "Tyuiu.AbramushkinAN.Sprint6.Task0.V11", "Tyuiu.AbramushkinAN.Sprint6.Task0.V11\Tyuiu.AbramushkinAN.Sprint6.Task0.V11.csproj", "{499342BE-DDAA-4A31-AAA7-07C8AB985675}"
EndProject
Project("{2150E333-8FDC-42A3-9474-1A3956D46DE8}") = "Task1", "Task1", "{690B2E37-DDA8-49BD-8FA4-25F9FE17C2A3}"
EndProject
Project("{9A19103F-16F7-4668-BE54-9A1E7A4F7556}") = "Tyuiu.AbramushkinAN.Sprint6.Task1.V15", "Tyuiu.AbramushkinAN.Sprint6.Task1.V15\Tyuiu.AbramushkinAN.Sprint6.Task1.V15.csproj", "{568289E6-DAD3-4FB9-9D5F-BFD7D6D319CA}"
EndProject
Project("{9A19103F-16F7-4668-BE54-9A1E7A4F7556}") = "Tyuiu.AbramushkinAN.Sprint6.Task1.V15.Test", "Tyuiu.AbramushkinAN.Sprint6.Task1.V15.Test\Tyuiu.AbramushkinAN.Sprint6.Task1.V15.Test.csproj", "{CF400AEE-0D63-4680-8B49-1DFAB3A3753C}"
EndProject
Project("{9A19103F-16F7-4668-BE54-9A1E7A4F7556}") = "Tyuiu.AbramushkinAN.Sprint6.Task1.V15.Lib", "Tyuiu.AbramushkinAN.Sprint6.Task1.V15.Lib\Tyuiu.AbramushkinAN.Sprint6.Task1.V15.Lib.csproj", "{556C3F12-15F9-4443-84DF-6FCFFED156D4}"
EndProject
Project("{2150E333-8FDC-42A3-9474-1A3956D46DE8}") = "Task2", "Task2", "{08D0055B-DFDE-44DC-9AB4-CAF37FABEE2E}"
EndProject
Project("{9A19103F-16F7-4668-BE54-9A1E7A4F7556}") = "Tyuiu.AbramushkinAN.Sprint6.Task2.V20.Lib", "Tyuiu.AbramushkinAN.Sprint6.Task2.V20.Lib\Tyuiu.AbramushkinAN.Sprint6.Task2.V20.Lib.csproj", "{6425D3E2-6966-4FC5-B9E5-B26D8A74C7E0}"
EndProject
Project("{9A19103F-16F7-4668-BE54-9A1E7A4F7556}") = "Tyuiu.AbramushkinAN.Sprint6.Task2.V20.Test", "Tyuiu.AbramushkinAN.Sprint6.Task2.V20.Test\Tyuiu.AbramushkinAN.Sprint6.Task2.V20.Test.csproj", "{AD83A0C8-3817-48E5-B4A1-F19F533346BA}"
EndProject
Project("{9A19103F-16F7-4668-BE54-9A1E7A4F7556}") = "Tyuiu.AbramushkinAN.Sprint6.Task2.V20", "Tyuiu.AbramushkinAN.Sprint6.Task2.V20\Tyuiu.AbramushkinAN.Sprint6.Task2.V20.csproj", "{4E361A5F-20F9-4C85-AFEC-E9EFB7DC73E3}"
EndProject
Project("{2150E333-8FDC-42A3-9474-1A3956D46DE8}") = "Task3", "Task3", "{421B7326-6C7C-476C-826C-C64477509104}"
EndProject
Project("{9A19103F-16F7-4668-BE54-9A1E7A4F7556}") = "Tyuiu.AbramushkinAN.Sprint6.Task3.V6.Lib", "Tyuiu.AbramushkinAN.Sprint6.Task3.V6.Lib\Tyuiu.AbramushkinAN.Sprint6.Task3.V6.Lib.csproj", "{AA5C9D38-C62B-4D84-AC08-BBA58A9D9466}"
EndProject
Project("{9A19103F-16F7-4668-BE54-9A1E7A4F7556}") = "Tyuiu.AbramushkinAN.Sprint6.Task3.V6.Test", "Tyuiu.AbramushkinAN.Sprint6.Task3.V6.Test\Tyuiu.AbramushkinAN.Sprint6.Task3.V6.Test.csproj", "{8DC98295-0326-4D9A-A038-C587825F1855}"
EndProject
Project("{9A19103F-16F7-4668-BE54-9A1E7A4F7556}") = "Tyuiu.AbramushkinAN.Sprint6.Task3.V6", "Tyuiu.AbramushkinAN.Sprint6.Task3.V6\Tyuiu.AbramushkinAN.Sprint6.Task3.V6.csproj", "{D92FBE79-E90D-4609-B399-00B219354CB2}"
EndProject
Project("{2150E333-8FDC-42A3-9474-1A3956D46DE8}") = "Task4", "Task4", "{5D3B5E45-D2DF-46A8-AD46-3C25C145004A}"
EndProject
Project("{FAE04EC0-301F-11D3-BF4B-00C04F79EFBC}") = "Tyuiu.AbramushkinAN.Sprint6.Task4.V19.Test", "Tyuiu.AbramushkinAN.Sprint6.Task4.V19.Test\Tyuiu.AbramushkinAN.Sprint6.Task4.V19.Test.csproj", "{17E0FA4B-E626-4FE7-977D-780094163071}"
EndProject
Project("{FAE04EC0-301F-11D3-BF4B-00C04F79EFBC}") = "Tyuiu.AbramushkinAN.Sprint6.Task4.V19.Lib", "Tyuiu.AbramushkinAN.Sprint6.Task4.V19.Lib\Tyuiu.AbramushkinAN.Sprint6.Task4.V19.Lib.csproj", "{6003046B-5862-4CD2-83EF-E1400085CB84}"
EndProject
Project("{FAE04EC0-301F-11D3-BF4B-00C04F79EFBC}") = "Tyuiu.AbramushkinAN.Sprint6.Task4.V19", "Tyuiu.AbramushkinAN.Sprint6.Task4.V19\Tyuiu.AbramushkinAN.Sprint6.Task4.V19.csproj", "{77E1AD19-9537-4F5A-9BC3-897CABDF742B}"
EndProject
Project("{2150E333-8FDC-42A3-9474-1A3956D46DE8}") = "Task5", "Task5", "{2CA59AC2-581E-47C9-91D4-1AFBA8551764}"
EndProject
Project("{FAE04EC0-301F-11D3-BF4B-00C04F79EFBC}") = "Tyuiu.AbramushkinAN.Sprint6.Task5.V1.Lib", "Tyuiu.AbramushkinAN.Sprint6.Task5.V1.Lib\Tyuiu.AbramushkinAN.Sprint6.Task5.V1.Lib.csproj", "{F7C36698-C74D-4DC2-A5D5-B503950AD18A}"
EndProject
Project("{FAE04EC0-301F-11D3-BF4B-00C04F79EFBC}") = "Tyuiu.AbramushkinAN.Sprint6.Task5.V1.Test", "Tyuiu.AbramushkinAN.Sprint6.Task5.V1.Test\Tyuiu.AbramushkinAN.Sprint6.Task5.V1.Test.csproj", "{09624243-BC22-4D09-9685-1DFF33FB6638}"
EndProject
Project("{FAE04EC0-301F-11D3-BF4B-00C04F79EFBC}") = "Tyuiu.AbramushkinAN.Sprint6.Task5.V1", "Tyuiu.AbramushkinAN.Sprint6.Task5.V1\Tyuiu.AbramushkinAN.Sprint6.Task5.V1.csproj", "{7441E4AC-E28D-4711-A4EA-9C284BFA7A3B}"
EndProject
Global
	GlobalSection(SolutionConfigurationPlatforms) = preSolution
		Debug|Any CPU = Debug|Any CPU
		Release|Any CPU = Release|Any CPU
	EndGlobalSection
	GlobalSection(ProjectConfigurationPlatforms) = postSolution
		{005AA697-88A3-447B-9AF6-1DEAA2604354}.Debug|Any CPU.ActiveCfg = Debug|Any CPU
		{005AA697-88A3-447B-9AF6-1DEAA2604354}.Debug|Any CPU.Build.0 = Debug|Any CPU
		{005AA697-88A3-447B-9AF6-1DEAA2604354}.Release|Any CPU.ActiveCfg = Release|Any CPU
		{005AA697-88A3-447B-9AF6-1DEAA2604354}.Release|Any CPU.Build.0 = Release|Any CPU
		{8AD4CE59-B628-4905-A9E4-5CE4E4B4A305}.Debug|Any CPU.ActiveCfg = Debug|Any CPU
		{8AD4CE59-B628-4905-A9E4-5CE4E4B4A305}.Debug|Any CPU.Build.0 = Debug|Any CPU
		{8AD4CE59-B628-4905-A9E4-5CE4E4B4A305}.Release|Any CPU.ActiveCfg = Release|Any CPU
		{8AD4CE59-B628-4905-A9E4-5CE4E4B4A305}.Release|Any CPU.Build.0 = Release|Any CPU
		{499342BE-DDAA-4A31-AAA7-07C8AB985675}.Debug|Any CPU.ActiveCfg = Debug|Any CPU
		{499342BE-DDAA-4A31-AAA7-07C8AB985675}.Debug|Any CPU.Build.0 = Debug|Any CPU
		{499342BE-DDAA-4A31-AAA7-07C8AB985675}.Release|Any CPU.ActiveCfg = Release|Any CPU
		{499342BE-DDAA-4A31-AAA7-07C8AB985675}.Release|Any CPU.Build.0 = Release|Any CPU
		{568289E6-DAD3-4FB9-9D5F-BFD7D6D319CA}.Debug|Any CPU.ActiveCfg = Debug|Any CPU
		{568289E6-DAD3-4FB9-9D5F-BFD7D6D319CA}.Debug|Any CPU.Build.0 = Debug|Any CPU
		{568289E6-DAD3-4FB9-9D5F-BFD7D6D319CA}.Release|Any CPU.ActiveCfg = Release|Any CPU
		{568289E6-DAD3-4FB9-9D5F-BFD7D6D319CA}.Release|Any CPU.Build.0 = Release|Any CPU
		{CF400AEE-0D63-4680-8B49-1DFAB3A3753C}.Debug|Any CPU.ActiveCfg = Debug|Any CPU
		{CF400AEE-0D63-4680-8B49-1DFAB3A3753C}.Debug|Any CPU.Build.0 = Debug|Any CPU
		{CF400AEE-0D63-4680-8B49-1DFAB3A3753C}.Release|Any CPU.ActiveCfg = Release|Any CPU
		{CF400AEE-0D63-4680-8B49-1DFAB3A3753C}.Release|Any CPU.Build.0 = Release|Any CPU
		{556C3F12-15F9-4443-84DF-6FCFFED156D4}.Debug|Any CPU.ActiveCfg = Debug|Any CPU
		{556C3F12-15F9-4443-84DF-6FCFFED156D4}.Debug|Any CPU.Build.0 = Debug|Any CPU
		{556C3F12-15F9-4443-84DF-6FCFFED156D4}.Release|Any CPU.ActiveCfg = Release|Any CPU
		{556C3F12-15F9-4443-84DF-6FCFFED156D4}.Release|Any CPU.Build.0 = Release|Any CPU
		{6425D3E2-6966-4FC5-B9E5-B26D8A74C7E0}.Debug|Any CPU.ActiveCfg = Debug|Any CPU
		{6425D3E2-6966-4FC5-B9E5-B26D8A74C7E0}.Debug|Any CPU.Build.0 = Debug|Any CPU
		{6425D3E2-6966-4FC5-B9E5-B26D8A74C7E0}.Release|Any CPU.ActiveCfg = Release|Any CPU
		{6425D3E2-6966-4FC5-B9E5-B26D8A74C7E0}.Release|Any CPU.Build.0 = Release|Any CPU
		{AD83A0C8-3817-48E5-B4A1-F19F533346BA}.Debug|Any CPU.ActiveCfg = Debug|Any CPU
		{AD83A0C8-3817-48E5-B4A1-F19F533346BA}.Debug|Any CPU.Build.0 = Debug|Any CPU
		{AD83A0C8-3817-48E5-B4A1-F19F533346BA}.Release|Any CPU.ActiveCfg = Release|Any CPU
		{AD83A0C8-3817-48E5-B4A1-F19F533346BA}.Release|Any CPU.Build.0 = Release|Any CPU
		{4E361A5F-20F9-4C85-AFEC-E9EFB7DC73E3}.Debug|Any CPU.ActiveCfg = Debug|Any CPU
		{4E361A5F-20F9-4C85-AFEC-E9EFB7DC73E3}.Debug|Any CPU.Build.0 = Debug|Any CPU
		{4E361A5F-20F9-4C85-AFEC-E9EFB7DC73E3}.Release|Any CPU.ActiveCfg = Release|Any CPU
		{4E361A5F-20F9-4C85-AFEC-E9EFB7DC73E3}.Release|Any CPU.Build.0 = Release|Any CPU
		{AA5C9D38-C62B-4D84-AC08-BBA58A9D9466}.Debug|Any CPU.ActiveCfg = Debug|Any CPU
		{AA5C9D38-C62B-4D84-AC08-BBA58A9D9466}.Debug|Any CPU.Build.0 = Debug|Any CPU
		{AA5C9D38-C62B-4D84-AC08-BBA58A9D9466}.Release|Any CPU.ActiveCfg = Release|Any CPU
		{AA5C9D38-C62B-4D84-AC08-BBA58A9D9466}.Release|Any CPU.Build.0 = Release|Any CPU
		{8DC98295-0326-4D9A-A038-C587825F1855}.Debug|Any CPU.ActiveCfg = Debug|Any CPU
		{8DC98295-0326-4D9A-A038-C587825F1855}.Debug|Any CPU.Build.0 = Debug|Any CPU
		{8DC98295-0326-4D9A-A038-C587825F1855}.Release|Any CPU.ActiveCfg = Release|Any CPU
		{8DC98295-0326-4D9A-A038-C587825F1855}.Release|Any CPU.Build.0 = Release|Any CPU
		{D92FBE79-E90D-4609-B399-00B219354CB2}.Debug|Any CPU.ActiveCfg = Debug|Any CPU
		{D92FBE79-E90D-4609-B399-00B219354CB2}.Debug|Any CPU.Build.0 = Debug|Any CPU
		{D92FBE79-E90D-4609-B399-00B219354CB2}.Release|Any CPU.ActiveCfg = Release|Any CPU
		{D92FBE79-E90D-4609-B399-00B219354CB2}.Release|Any CPU.Build.0 = Release|Any CPU
		{17E0FA4B-E626-4FE7-977D-780094163071}.Debug|Any CPU.ActiveCfg = Debug|Any CPU
		{17E0FA4B-E626-4FE7-977D-780094163071}.Debug|Any CPU.Build.0 = Debug|Any CPU
		{17E0FA4B-E626-4FE7-977D-780094163071}.Release|Any CPU.ActiveCfg = Release|Any CPU
		{17E0FA4B-E626-4FE7-977D-780094163071}.Release|Any CPU.Build.0 = Release|Any CPU
		{6003046B-5862-4CD2-83EF-E1400085CB84}.Debug|Any CPU.ActiveCfg = Debug|Any CPU
		{6003046B-5862-4CD2-83EF-E1400085CB84}.Debug|Any CPU.Build.0 = Debug|Any CPU
		{6003046B-5862-4CD2-83EF-E1400085CB84}.Release|Any CPU.ActiveCfg = Release|Any CPU
		{6003046B-5862-4CD2-83EF-E1400085CB84}.Release|Any CPU.Build.0 = Release|Any CPU
		{77E1AD19-9537-4F5A-9BC3-897CABDF742B}.Debug|Any CPU.ActiveCfg = Debug|Any CPU
		{77E1AD19-9537-4F5A-9BC3-897CABDF742B}.Debug|Any CPU.Build.0 = Debug|Any CPU
		{77E1AD19-9537-4F5A-9BC3-897CABDF742B}.Release|Any CPU.ActiveCfg = Release|Any CPU
		{77E1AD19-9537-4F5A-9BC3-897CABDF742B}.Release|Any CPU.Build.0 = Release|Any CPU
		{F7C36698-C74D-4DC2-A5D5-B503950AD18A}.Debug|Any CPU.ActiveCfg = Debug|Any CPU
		{F7C36698-C74D-4DC2-A5D5-B503950AD18A}.Debug|Any CPU.Build.0 = Debug|Any CPU
		{F7C36698-C74D-4DC2-A5D5-B503950AD18A}.Release|Any CPU.ActiveCfg = Release|Any CPU
		{F7C36698-C74D-4DC2-A5D5-B503950AD18A}.Release|Any CPU.Build.0 = Release|Any CPU
		{09624243-BC22-4D09-9685-1DFF33FB6638}.Debug|Any CPU.ActiveCfg = Debug|Any CPU
		{09624243-BC22-4D09-9685-1DFF33FB6638}.Debug|Any CPU.Build.0 = Debug|Any CPU
		{09624243-BC22-4D09-9685-1DFF33FB6638}.Release|Any CPU.ActiveCfg = Release|Any CPU
		{09624243-BC22-4D09-9685-1DFF33FB6638}.Release|Any CPU.Build.0 = Release|Any CPU
		{7441E4AC-E28D-4711-A4EA-9C284BFA7A3B}.Debug|Any CPU.ActiveCfg = Debug|Any CPU
		{7441E4AC-E28D-4711-A4EA-9C284BFA7A3B}.Debug|Any CPU.Build.0 = Debug|Any CPU
		{7441E4AC-E28D-4711-A4EA-9C284BFA7A3B}.Release|Any CPU.ActiveCfg = Release|Any CPU
		{7441E4AC-E28D-4711-A4EA-9C284BFA7A3B}.Release|Any CPU.Build.0 = Release|Any CPU
	EndGlobalSection
	GlobalSection(SolutionProperties) = preSolution
		HideSolutionNode = FALSE
	EndGlobalSection
	GlobalSection(NestedProjects) = preSolution
		{005AA697-88A3-447B-9AF6-1DEAA2604354} = {2A627BC3-ECBB-4458-9EB8-B1046AC44935}
		{8AD4CE59-B628-4905-A9E4-5CE4E4B4A305} = {2A627BC3-ECBB-4458-9EB8-B1046AC44935}
		{499342BE-DDAA-4A31-AAA7-07C8AB985675} = {2A627BC3-ECBB-4458-9EB8-B1046AC44935}
		{568289E6-DAD3-4FB9-9D5F-BFD7D6D319CA} = {690B2E37-DDA8-49BD-8FA4-25F9FE17C2A3}
		{CF400AEE-0D63-4680-8B49-1DFAB3A3753C} = {690B2E37-DDA8-49BD-8FA4-25F9FE17C2A3}
		{556C3F12-15F9-4443-84DF-6FCFFED156D4} = {690B2E37-DDA8-49BD-8FA4-25F9FE17C2A3}
		{6425D3E2-6966-4FC5-B9E5-B26D8A74C7E0} = {08D0055B-DFDE-44DC-9AB4-CAF37FABEE2E}
		{AD83A0C8-3817-48E5-B4A1-F19F533346BA} = {08D0055B-DFDE-44DC-9AB4-CAF37FABEE2E}
		{4E361A5F-20F9-4C85-AFEC-E9EFB7DC73E3} = {08D0055B-DFDE-44DC-9AB4-CAF37FABEE2E}
		{AA5C9D38-C62B-4D84-AC08-BBA58A9D9466} = {421B7326-6C7C-476C-826C-C64477509104}
		{8DC98295-0326-4D9A-A038-C587825F1855} = {421B7326-6C7C-476C-826C-C64477509104}
		{D92FBE79-E90D-4609-B399-00B219354CB2} = {421B7326-6C7C-476C-826C-C64477509104}
		{17E0FA4B-E626-4FE7-977D-780094163071} = {5D3B5E45-D2DF-46A8-AD46-3C25C145004A}
		{6003046B-5862-4CD2-83EF-E1400085CB84} = {5D3B5E45-D2DF-46A8-AD46-3C25C145004A}
		{77E1AD19-9537-4F5A-9BC3-897CABDF742B} = {5D3B5E45-D2DF-46A8-AD46-3C25C145004A}
		{F7C36698-C74D-4DC2-A5D5-B503950AD18A} = {2CA59AC2-581E-47C9-91D4-1AFBA8551764}
		{09624243-BC22-4D09-9685-1DFF33FB6638} = {2CA59AC2-581E-47C9-91D4-1AFBA8551764}
		{7441E4AC-E28D-4711-A4EA-9C284BFA7A3B} = {2CA59AC2-581E-47C9-91D4-1AFBA8551764}
	EndGlobalSection
	GlobalSection(ExtensibilityGlobals) = postSolution
		SolutionGuid = {15AD045A-E676-424C-B6B0-1595D8EB122B}
	EndGlobalSection
EndGlobal
